
Microsoft Visual Studio Solution File, Format Version 12.00
Project("{FAE04EC0-301F-11D3-BF4B-00C04F79EFBC}") = "Alexejhero.Analyzers", "Alexejhero.Analyzers\Alexejhero.Analyzers.csproj", "{8ACE4350-4769-4570-A37F-E172DBB65D38}"
EndProject
Project("{FAE04EC0-301F-11D3-BF4B-00C04F79EFBC}") = "Alexejhero.Analyzers.Sample", "Alexejhero.Analyzers.Sample\Alexejhero.Analyzers.Sample.csproj", "{2D672001-4B65-4574-A890-AA4FE98C099C}"
EndProject
Global
	GlobalSection(SolutionConfigurationPlatforms) = preSolution
		Debug|Any CPU = Debug|Any CPU
		Release|Any CPU = Release|Any CPU
	EndGlobalSection
	GlobalSection(ProjectConfigurationPlatforms) = postSolution
		{8ACE4350-4769-4570-A37F-E172DBB65D38}.Debug|Any CPU.ActiveCfg = Debug|Any CPU
		{8ACE4350-4769-4570-A37F-E172DBB65D38}.Debug|Any CPU.Build.0 = Debug|Any CPU
		{8ACE4350-4769-4570-A37F-E172DBB65D38}.Release|Any CPU.ActiveCfg = Release|Any CPU
		{8ACE4350-4769-4570-A37F-E172DBB65D38}.Release|Any CPU.Build.0 = Release|Any CPU
		{2D672001-4B65-4574-A890-AA4FE98C099C}.Debug|Any CPU.ActiveCfg = Debug|Any CPU
		{2D672001-4B65-4574-A890-AA4FE98C099C}.Debug|Any CPU.Build.0 = Debug|Any CPU
		{2D672001-4B65-4574-A890-AA4FE98C099C}.Release|Any CPU.ActiveCfg = Release|Any CPU
		{2D672001-4B65-4574-A890-AA4FE98C099C}.Release|Any CPU.Build.0 = Release|Any CPU
	EndGlobalSection
EndGlobal
